
Microsoft Visual Studio Solution File, Format Version 12.00
# Visual Studio Version 16
VisualStudioVersion = 16.0.31829.152
MinimumVisualStudioVersion = 10.0.40219.1
Project("{FAE04EC0-301F-11D3-BF4B-00C04F79EFBC}") = "PhongKhamNhi", "PhongKhamNhi\PhongKhamNhi.csproj", "{AFC5102A-049A-4471-A67F-9D0CA22EFB00}"
EndProject
Global
	GlobalSection(SolutionConfigurationPlatforms) = preSolution
		Debug|Any CPU = Debug|Any CPU
		Release|Any CPU = Release|Any CPU
	EndGlobalSection
	GlobalSection(ProjectConfigurationPlatforms) = postSolution
		{AFC5102A-049A-4471-A67F-9D0CA22EFB00}.Debug|Any CPU.ActiveCfg = Debug|Any CPU
		{AFC5102A-049A-4471-A67F-9D0CA22EFB00}.Debug|Any CPU.Build.0 = Debug|Any CPU
		{AFC5102A-049A-4471-A67F-9D0CA22EFB00}.Release|Any CPU.ActiveCfg = Release|Any CPU
		{AFC5102A-049A-4471-A67F-9D0CA22EFB00}.Release|Any CPU.Build.0 = Release|Any CPU
	EndGlobalSection
	GlobalSection(SolutionProperties) = preSolution
		HideSolutionNode = FALSE
	EndGlobalSection
	GlobalSection(ExtensibilityGlobals) = postSolution
		SolutionGuid = {FDA6FC38-BFA4-4D51-AF2E-2A59AC58DC65}
	EndGlobalSection
EndGlobal
